// !$*UTF8*$!
{
	archiveVersion = 1;
	classes = {
	};
	objectVersion = 56;
	objects = {

/* Begin PBXBuildFile section */
		290424162C1C55D30035C4CA /* TextViewController.swift in Sources */ = {isa = PBXBuildFile; fileRef = 290424152C1C55D30035C4CA /* TextViewController.swift */; };
		290424182C1C55E30035C4CA /* SelectViewController.swift in Sources */ = {isa = PBXBuildFile; fileRef = 290424172C1C55E30035C4CA /* SelectViewController.swift */; };
		294DF8812C19CFDE0023E41F /* AppDelegate.swift in Sources */ = {isa = PBXBuildFile; fileRef = 294DF8802C19CFDE0023E41F /* AppDelegate.swift */; };
		294DF8832C19CFDE0023E41F /* SceneDelegate.swift in Sources */ = {isa = PBXBuildFile; fileRef = 294DF8822C19CFDE0023E41F /* SceneDelegate.swift */; };
		294DF8852C19CFDE0023E41F /* ViewController.swift in Sources */ = {isa = PBXBuildFile; fileRef = 294DF8842C19CFDE0023E41F /* ViewController.swift */; };
		294DF8882C19CFDE0023E41F /* Main.storyboard in Resources */ = {isa = PBXBuildFile; fileRef = 294DF8862C19CFDE0023E41F /* Main.storyboard */; };
		294DF88A2C19CFDF0023E41F /* Assets.xcassets in Resources */ = {isa = PBXBuildFile; fileRef = 294DF8892C19CFDF0023E41F /* Assets.xcassets */; };
		294DF88D2C19CFDF0023E41F /* LaunchScreen.storyboard in Resources */ = {isa = PBXBuildFile; fileRef = 294DF88B2C19CFDF0023E41F /* LaunchScreen.storyboard */; };
		294DF8982C19CFDF0023E41F /* ExampleTests.swift in Sources */ = {isa = PBXBuildFile; fileRef = 294DF8972C19CFDF0023E41F /* ExampleTests.swift */; };
		294DF8A22C19CFE00023E41F /* ExampleUITests.swift in Sources */ = {isa = PBXBuildFile; fileRef = 294DF8A12C19CFE00023E41F /* ExampleUITests.swift */; };
		294DF8A42C19CFE00023E41F /* ExampleUITestsLaunchTests.swift in Sources */ = {isa = PBXBuildFile; fileRef = 294DF8A32C19CFE00023E41F /* ExampleUITestsLaunchTests.swift */; };
		59E15C18067457479ACADEA3 /* Pods_Example.framework in Frameworks */ = {isa = PBXBuildFile; fileRef = 67A9B5850C28A1112C6F15FC /* Pods_Example.framework */; };
		CC43A69F5314125D15460630 /* Pods_ExampleTests.framework in Frameworks */ = {isa = PBXBuildFile; fileRef = 5D88C379986373C2D4B2ACBA /* Pods_ExampleTests.framework */; };
		DCC7F8A4681B6AAF9F8784DA /* Pods_ExampleUITests.framework in Frameworks */ = {isa = PBXBuildFile; fileRef = 8C428CC0BAFAE0D6F0088D21 /* Pods_ExampleUITests.framework */; };
/* End PBXBuildFile section */

/* Begin PBXContainerItemProxy section */
		294DF8942C19CFDF0023E41F /* PBXContainerItemProxy */ = {
			isa = PBXContainerItemProxy;
			containerPortal = 294DF8752C19CFDE0023E41F /* Project object */;
			proxyType = 1;
			remoteGlobalIDString = 294DF87C2C19CFDE0023E41F;
			remoteInfo = Example;
		};
		294DF89E2C19CFE00023E41F /* PBXContainerItemProxy */ = {
			isa = PBXContainerItemProxy;
			containerPortal = 294DF8752C19CFDE0023E41F /* Project object */;
			proxyType = 1;
			remoteGlobalIDString = 294DF87C2C19CFDE0023E41F;
			remoteInfo = Example;
		};
/* End PBXContainerItemProxy section */

/* Begin PBXFileReference section */
		290424152C1C55D30035C4CA /* TextViewController.swift */ = {isa = PBXFileReference; lastKnownFileType = sourcecode.swift; path = TextViewController.swift; sourceTree = "<group>"; };
		290424172C1C55E30035C4CA /* SelectViewController.swift */ = {isa = PBXFileReference; lastKnownFileType = sourcecode.swift; path = SelectViewController.swift; sourceTree = "<group>"; };
		294DF87D2C19CFDE0023E41F /* Example.app */ = {isa = PBXFileReference; explicitFileType = wrapper.application; includeInIndex = 0; path = Example.app; sourceTree = BUILT_PRODUCTS_DIR; };
		294DF8802C19CFDE0023E41F /* AppDelegate.swift */ = {isa = PBXFileReference; lastKnownFileType = sourcecode.swift; path = AppDelegate.swift; sourceTree = "<group>"; };
		294DF8822C19CFDE0023E41F /* SceneDelegate.swift */ = {isa = PBXFileReference; lastKnownFileType = sourcecode.swift; path = SceneDelegate.swift; sourceTree = "<group>"; };
		294DF8842C19CFDE0023E41F /* ViewController.swift */ = {isa = PBXFileReference; lastKnownFileType = sourcecode.swift; path = ViewController.swift; sourceTree = "<group>"; };
		294DF8872C19CFDE0023E41F /* Base */ = {isa = PBXFileReference; lastKnownFileType = file.storyboard; name = Base; path = Base.lproj/Main.storyboard; sourceTree = "<group>"; };
		294DF8892C19CFDF0023E41F /* Assets.xcassets */ = {isa = PBXFileReference; lastKnownFileType = folder.assetcatalog; path = Assets.xcassets; sourceTree = "<group>"; };
		294DF88C2C19CFDF0023E41F /* Base */ = {isa = PBXFileReference; lastKnownFileType = file.storyboard; name = Base; path = Base.lproj/LaunchScreen.storyboard; sourceTree = "<group>"; };
		294DF88E2C19CFDF0023E41F /* Info.plist */ = {isa = PBXFileReference; lastKnownFileType = text.plist.xml; path = Info.plist; sourceTree = "<group>"; };
		294DF8932C19CFDF0023E41F /* ExampleTests.xctest */ = {isa = PBXFileReference; explicitFileType = wrapper.cfbundle; includeInIndex = 0; path = ExampleTests.xctest; sourceTree = BUILT_PRODUCTS_DIR; };
		294DF8972C19CFDF0023E41F /* ExampleTests.swift */ = {isa = PBXFileReference; lastKnownFileType = sourcecode.swift; path = ExampleTests.swift; sourceTree = "<group>"; };
		294DF89D2C19CFE00023E41F /* ExampleUITests.xctest */ = {isa = PBXFileReference; explicitFileType = wrapper.cfbundle; includeInIndex = 0; path = ExampleUITests.xctest; sourceTree = BUILT_PRODUCTS_DIR; };
		294DF8A12C19CFE00023E41F /* ExampleUITests.swift */ = {isa = PBXFileReference; lastKnownFileType = sourcecode.swift; path = ExampleUITests.swift; sourceTree = "<group>"; };
		294DF8A32C19CFE00023E41F /* ExampleUITestsLaunchTests.swift */ = {isa = PBXFileReference; lastKnownFileType = sourcecode.swift; path = ExampleUITestsLaunchTests.swift; sourceTree = "<group>"; };
		2B791975BF2894531F4C7657 /* Pods-Example.debug.xcconfig */ = {isa = PBXFileReference; includeInIndex = 1; lastKnownFileType = text.xcconfig; name = "Pods-Example.debug.xcconfig"; path = "Target Support Files/Pods-Example/Pods-Example.debug.xcconfig"; sourceTree = "<group>"; };
		37EAF59554F23A3576D4F9BF /* Pods-ExampleUITests.debug.xcconfig */ = {isa = PBXFileReference; includeInIndex = 1; lastKnownFileType = text.xcconfig; name = "Pods-ExampleUITests.debug.xcconfig"; path = "Target Support Files/Pods-ExampleUITests/Pods-ExampleUITests.debug.xcconfig"; sourceTree = "<group>"; };
		5D88C379986373C2D4B2ACBA /* Pods_ExampleTests.framework */ = {isa = PBXFileReference; explicitFileType = wrapper.framework; includeInIndex = 0; path = Pods_ExampleTests.framework; sourceTree = BUILT_PRODUCTS_DIR; };
		67A9B5850C28A1112C6F15FC /* Pods_Example.framework */ = {isa = PBXFileReference; explicitFileType = wrapper.framework; includeInIndex = 0; path = Pods_Example.framework; sourceTree = BUILT_PRODUCTS_DIR; };
		886673CF58A3A01BBF884551 /* Pods-ExampleTests.debug.xcconfig */ = {isa = PBXFileReference; includeInIndex = 1; lastKnownFileType = text.xcconfig; name = "Pods-ExampleTests.debug.xcconfig"; path = "Target Support Files/Pods-ExampleTests/Pods-ExampleTests.debug.xcconfig"; sourceTree = "<group>"; };
		8C428CC0BAFAE0D6F0088D21 /* Pods_ExampleUITests.framework */ = {isa = PBXFileReference; explicitFileType = wrapper.framework; includeInIndex = 0; path = Pods_ExampleUITests.framework; sourceTree = BUILT_PRODUCTS_DIR; };
		A87E73DA1595D75464E56B56 /* Pods-ExampleUITests.release.xcconfig */ = {isa = PBXFileReference; includeInIndex = 1; lastKnownFileType = text.xcconfig; name = "Pods-ExampleUITests.release.xcconfig"; path = "Target Support Files/Pods-ExampleUITests/Pods-ExampleUITests.release.xcconfig"; sourceTree = "<group>"; };
		C7029BCBA23764312674D66E /* Pods-ExampleTests.release.xcconfig */ = {isa = PBXFileReference; includeInIndex = 1; lastKnownFileType = text.xcconfig; name = "Pods-ExampleTests.release.xcconfig"; path = "Target Support Files/Pods-ExampleTests/Pods-ExampleTests.release.xcconfig"; sourceTree = "<group>"; };
		DBD1A2D745FB6E834E3BE399 /* Pods-Example.release.xcconfig */ = {isa = PBXFileReference; includeInIndex = 1; lastKnownFileType = text.xcconfig; name = "Pods-Example.release.xcconfig"; path = "Target Support Files/Pods-Example/Pods-Example.release.xcconfig"; sourceTree = "<group>"; };
/* End PBXFileReference section */

/* Begin PBXFrameworksBuildPhase section */
		294DF87A2C19CFDE0023E41F /* Frameworks */ = {
			isa = PBXFrameworksBuildPhase;
			buildActionMask = 2147483647;
			files = (
				59E15C18067457479ACADEA3 /* Pods_Example.framework in Frameworks */,
			);
			runOnlyForDeploymentPostprocessing = 0;
		};
		294DF8902C19CFDF0023E41F /* Frameworks */ = {
			isa = PBXFrameworksBuildPhase;
			buildActionMask = 2147483647;
			files = (
				CC43A69F5314125D15460630 /* Pods_ExampleTests.framework in Frameworks */,
			);
			runOnlyForDeploymentPostprocessing = 0;
		};
		294DF89A2C19CFE00023E41F /* Frameworks */ = {
			isa = PBXFrameworksBuildPhase;
			buildActionMask = 2147483647;
			files = (
				DCC7F8A4681B6AAF9F8784DA /* Pods_ExampleUITests.framework in Frameworks */,
			);
			runOnlyForDeploymentPostprocessing = 0;
		};
/* End PBXFrameworksBuildPhase section */

/* Begin PBXGroup section */
		11B0978D723610B03ACD5927 /* Pods */ = {
			isa = PBXGroup;
			children = (
				2B791975BF2894531F4C7657 /* Pods-Example.debug.xcconfig */,
				DBD1A2D745FB6E834E3BE399 /* Pods-Example.release.xcconfig */,
				886673CF58A3A01BBF884551 /* Pods-ExampleTests.debug.xcconfig */,
				C7029BCBA23764312674D66E /* Pods-ExampleTests.release.xcconfig */,
				37EAF59554F23A3576D4F9BF /* Pods-ExampleUITests.debug.xcconfig */,
				A87E73DA1595D75464E56B56 /* Pods-ExampleUITests.release.xcconfig */,
			);
			name = Pods;
			path = ../Pods/Pods;
			sourceTree = "<group>";
		};
		294DF8742C19CFDE0023E41F = {
			isa = PBXGroup;
			children = (
				294DF87F2C19CFDE0023E41F /* Example */,
				294DF8962C19CFDF0023E41F /* ExampleTests */,
				294DF8A02C19CFE00023E41F /* ExampleUITests */,
				294DF87E2C19CFDE0023E41F /* Products */,
				11B0978D723610B03ACD5927 /* Pods */,
				C5D2675516A41C3B0D987DC7 /* Frameworks */,
			);
			sourceTree = "<group>";
		};
		294DF87E2C19CFDE0023E41F /* Products */ = {
			isa = PBXGroup;
			children = (
				294DF87D2C19CFDE0023E41F /* Example.app */,
				294DF8932C19CFDF0023E41F /* ExampleTests.xctest */,
				294DF89D2C19CFE00023E41F /* ExampleUITests.xctest */,
			);
			name = Products;
			sourceTree = "<group>";
		};
		294DF87F2C19CFDE0023E41F /* Example */ = {
			isa = PBXGroup;
			children = (
				294DF8802C19CFDE0023E41F /* AppDelegate.swift */,
				294DF8822C19CFDE0023E41F /* SceneDelegate.swift */,
				294DF8842C19CFDE0023E41F /* ViewController.swift */,
				290424152C1C55D30035C4CA /* TextViewController.swift */,
				290424172C1C55E30035C4CA /* SelectViewController.swift */,
				294DF8862C19CFDE0023E41F /* Main.storyboard */,
				294DF8892C19CFDF0023E41F /* Assets.xcassets */,
				294DF88B2C19CFDF0023E41F /* LaunchScreen.storyboard */,
				294DF88E2C19CFDF0023E41F /* Info.plist */,
			);
			path = Example;
			sourceTree = "<group>";
		};
		294DF8962C19CFDF0023E41F /* ExampleTests */ = {
			isa = PBXGroup;
			children = (
				294DF8972C19CFDF0023E41F /* ExampleTests.swift */,
			);
			path = ExampleTests;
			sourceTree = "<group>";
		};
		294DF8A02C19CFE00023E41F /* ExampleUITests */ = {
			isa = PBXGroup;
			children = (
				294DF8A12C19CFE00023E41F /* ExampleUITests.swift */,
				294DF8A32C19CFE00023E41F /* ExampleUITestsLaunchTests.swift */,
			);
			path = ExampleUITests;
			sourceTree = "<group>";
		};
		C5D2675516A41C3B0D987DC7 /* Frameworks */ = {
			isa = PBXGroup;
			children = (
				67A9B5850C28A1112C6F15FC /* Pods_Example.framework */,
				5D88C379986373C2D4B2ACBA /* Pods_ExampleTests.framework */,
				8C428CC0BAFAE0D6F0088D21 /* Pods_ExampleUITests.framework */,
			);
			name = Frameworks;
			sourceTree = "<group>";
		};
/* End PBXGroup section */

/* Begin PBXNativeTarget section */
		294DF87C2C19CFDE0023E41F /* Example */ = {
			isa = PBXNativeTarget;
			buildConfigurationList = 294DF8A72C19CFE00023E41F /* Build configuration list for PBXNativeTarget "Example" */;
			buildPhases = (
				2C16E2E56DB07C1B31978997 /* [CP] Check Pods Manifest.lock */,
				294DF8792C19CFDE0023E41F /* Sources */,
				294DF87A2C19CFDE0023E41F /* Frameworks */,
				294DF87B2C19CFDE0023E41F /* Resources */,
				791B3D516863DA12315AF947 /* [CP] Embed Pods Frameworks */,
			);
			buildRules = (
			);
			dependencies = (
			);
			name = Example;
			productName = Example;
			productReference = 294DF87D2C19CFDE0023E41F /* Example.app */;
			productType = "com.apple.product-type.application";
		};
		294DF8922C19CFDF0023E41F /* ExampleTests */ = {
			isa = PBXNativeTarget;
			buildConfigurationList = 294DF8AA2C19CFE00023E41F /* Build configuration list for PBXNativeTarget "ExampleTests" */;
			buildPhases = (
				641F165A107EDCAF5FBD53D2 /* [CP] Check Pods Manifest.lock */,
				294DF88F2C19CFDF0023E41F /* Sources */,
				294DF8902C19CFDF0023E41F /* Frameworks */,
				294DF8912C19CFDF0023E41F /* Resources */,
			);
			buildRules = (
			);
			dependencies = (
				294DF8952C19CFDF0023E41F /* PBXTargetDependency */,
			);
			name = ExampleTests;
			productName = ExampleTests;
			productReference = 294DF8932C19CFDF0023E41F /* ExampleTests.xctest */;
			productType = "com.apple.product-type.bundle.unit-test";
		};
		294DF89C2C19CFE00023E41F /* ExampleUITests */ = {
			isa = PBXNativeTarget;
			buildConfigurationList = 294DF8AD2C19CFE00023E41F /* Build configuration list for PBXNativeTarget "ExampleUITests" */;
			buildPhases = (
				7966D547394E3409AA79F3F4 /* [CP] Check Pods Manifest.lock */,
				294DF8992C19CFE00023E41F /* Sources */,
				294DF89A2C19CFE00023E41F /* Frameworks */,
				294DF89B2C19CFE00023E41F /* Resources */,
			);
			buildRules = (
			);
			dependencies = (
				294DF89F2C19CFE00023E41F /* PBXTargetDependency */,
			);
			name = ExampleUITests;
			productName = ExampleUITests;
			productReference = 294DF89D2C19CFE00023E41F /* ExampleUITests.xctest */;
			productType = "com.apple.product-type.bundle.ui-testing";
		};
/* End PBXNativeTarget section */

/* Begin PBXProject section */
		294DF8752C19CFDE0023E41F /* Project object */ = {
			isa = PBXProject;
			attributes = {
				BuildIndependentTargetsInParallel = 1;
				LastSwiftUpdateCheck = 1420;
				LastUpgradeCheck = 1420;
				TargetAttributes = {
					294DF87C2C19CFDE0023E41F = {
						CreatedOnToolsVersion = 14.2;
					};
					294DF8922C19CFDF0023E41F = {
						CreatedOnToolsVersion = 14.2;
						TestTargetID = 294DF87C2C19CFDE0023E41F;
					};
					294DF89C2C19CFE00023E41F = {
						CreatedOnToolsVersion = 14.2;
						TestTargetID = 294DF87C2C19CFDE0023E41F;
					};
				};
			};
			buildConfigurationList = 294DF8782C19CFDE0023E41F /* Build configuration list for PBXProject "Example" */;
			compatibilityVersion = "Xcode 14.0";
			developmentRegion = en;
			hasScannedForEncodings = 0;
			knownRegions = (
				en,
				Base,
			);
			mainGroup = 294DF8742C19CFDE0023E41F;
			productRefGroup = 294DF87E2C19CFDE0023E41F /* Products */;
			projectDirPath = "";
			projectRoot = "";
			targets = (
				294DF87C2C19CFDE0023E41F /* Example */,
				294DF8922C19CFDF0023E41F /* ExampleTests */,
				294DF89C2C19CFE00023E41F /* ExampleUITests */,
			);
		};
/* End PBXProject section */

/* Begin PBXResourcesBuildPhase section */
		294DF87B2C19CFDE0023E41F /* Resources */ = {
			isa = PBXResourcesBuildPhase;
			buildActionMask = 2147483647;
			files = (
				294DF88D2C19CFDF0023E41F /* LaunchScreen.storyboard in Resources */,
				294DF88A2C19CFDF0023E41F /* Assets.xcassets in Resources */,
				294DF8882C19CFDE0023E41F /* Main.storyboard in Resources */,
			);
			runOnlyForDeploymentPostprocessing = 0;
		};
		294DF8912C19CFDF0023E41F /* Resources */ = {
			isa = PBXResourcesBuildPhase;
			buildActionMask = 2147483647;
			files = (
			);
			runOnlyForDeploymentPostprocessing = 0;
		};
		294DF89B2C19CFE00023E41F /* Resources */ = {
			isa = PBXResourcesBuildPhase;
			buildActionMask = 2147483647;
			files = (
			);
			runOnlyForDeploymentPostprocessing = 0;
		};
/* End PBXResourcesBuildPhase section */

/* Begin PBXShellScriptBuildPhase section */
		2C16E2E56DB07C1B31978997 /* [CP] Check Pods Manifest.lock */ = {
			isa = PBXShellScriptBuildPhase;
			buildActionMask = 2147483647;
			files = (
			);
			inputFileListPaths = (
			);
			inputPaths = (
				"${PODS_PODFILE_DIR_PATH}/Podfile.lock",
				"${PODS_ROOT}/Manifest.lock",
			);
			name = "[CP] Check Pods Manifest.lock";
			outputFileListPaths = (
			);
			outputPaths = (
				"$(DERIVED_FILE_DIR)/Pods-Example-checkManifestLockResult.txt",
			);
			runOnlyForDeploymentPostprocessing = 0;
			shellPath = /bin/sh;
			shellScript = "diff \"${PODS_PODFILE_DIR_PATH}/Podfile.lock\" \"${PODS_ROOT}/Manifest.lock\" > /dev/null\nif [ $? != 0 ] ; then\n    # print error to STDERR\n    echo \"error: The sandbox is not in sync with the Podfile.lock. Run 'pod install' or update your CocoaPods installation.\" >&2\n    exit 1\nfi\n# This output is used by Xcode 'outputs' to avoid re-running this script phase.\necho \"SUCCESS\" > \"${SCRIPT_OUTPUT_FILE_0}\"\n";
			showEnvVarsInLog = 0;
		};
		641F165A107EDCAF5FBD53D2 /* [CP] Check Pods Manifest.lock */ = {
			isa = PBXShellScriptBuildPhase;
			buildActionMask = 2147483647;
			files = (
			);
			inputFileListPaths = (
			);
			inputPaths = (
				"${PODS_PODFILE_DIR_PATH}/Podfile.lock",
				"${PODS_ROOT}/Manifest.lock",
			);
			name = "[CP] Check Pods Manifest.lock";
			outputFileListPaths = (
			);
			outputPaths = (
				"$(DERIVED_FILE_DIR)/Pods-ExampleTests-checkManifestLockResult.txt",
			);
			runOnlyForDeploymentPostprocessing = 0;
			shellPath = /bin/sh;
			shellScript = "diff \"${PODS_PODFILE_DIR_PATH}/Podfile.lock\" \"${PODS_ROOT}/Manifest.lock\" > /dev/null\nif [ $? != 0 ] ; then\n    # print error to STDERR\n    echo \"error: The sandbox is not in sync with the Podfile.lock. Run 'pod install' or update your CocoaPods installation.\" >&2\n    exit 1\nfi\n# This output is used by Xcode 'outputs' to avoid re-running this script phase.\necho \"SUCCESS\" > \"${SCRIPT_OUTPUT_FILE_0}\"\n";
			showEnvVarsInLog = 0;
		};
		791B3D516863DA12315AF947 /* [CP] Embed Pods Frameworks */ = {
			isa = PBXShellScriptBuildPhase;
			buildActionMask = 2147483647;
			files = (
			);
			inputFileListPaths = (
				"${PODS_ROOT}/Target Support Files/Pods-Example/Pods-Example-frameworks-${CONFIGURATION}-input-files.xcfilelist",
			);
			name = "[CP] Embed Pods Frameworks";
			outputFileListPaths = (
				"${PODS_ROOT}/Target Support Files/Pods-Example/Pods-Example-frameworks-${CONFIGURATION}-output-files.xcfilelist",
			);
			runOnlyForDeploymentPostprocessing = 0;
			shellPath = /bin/sh;
			shellScript = "\"${PODS_ROOT}/Target Support Files/Pods-Example/Pods-Example-frameworks.sh\"\n";
			showEnvVarsInLog = 0;
		};
		7966D547394E3409AA79F3F4 /* [CP] Check Pods Manifest.lock */ = {
			isa = PBXShellScriptBuildPhase;
			buildActionMask = 2147483647;
			files = (
			);
			inputFileListPaths = (
			);
			inputPaths = (
				"${PODS_PODFILE_DIR_PATH}/Podfile.lock",
				"${PODS_ROOT}/Manifest.lock",
			);
			name = "[CP] Check Pods Manifest.lock";
			outputFileListPaths = (
			);
			outputPaths = (
				"$(DERIVED_FILE_DIR)/Pods-ExampleUITests-checkManifestLockResult.txt",
			);
			runOnlyForDeploymentPostprocessing = 0;
			shellPath = /bin/sh;
			shellScript = "diff \"${PODS_PODFILE_DIR_PATH}/Podfile.lock\" \"${PODS_ROOT}/Manifest.lock\" > /dev/null\nif [ $? != 0 ] ; then\n    # print error to STDERR\n    echo \"error: The sandbox is not in sync with the Podfile.lock. Run 'pod install' or update your CocoaPods installation.\" >&2\n    exit 1\nfi\n# This output is used by Xcode 'outputs' to avoid re-running this script phase.\necho \"SUCCESS\" > \"${SCRIPT_OUTPUT_FILE_0}\"\n";
			showEnvVarsInLog = 0;
		};
/* End PBXShellScriptBuildPhase section */

/* Begin PBXSourcesBuildPhase section */
		294DF8792C19CFDE0023E41F /* Sources */ = {
			isa = PBXSourcesBuildPhase;
			buildActionMask = 2147483647;
			files = (
				290424182C1C55E30035C4CA /* SelectViewController.swift in Sources */,
				294DF8852C19CFDE0023E41F /* ViewController.swift in Sources */,
				294DF8812C19CFDE0023E41F /* AppDelegate.swift in Sources */,
				294DF8832C19CFDE0023E41F /* SceneDelegate.swift in Sources */,
				290424162C1C55D30035C4CA /* TextViewController.swift in Sources */,
			);
			runOnlyForDeploymentPostprocessing = 0;
		};
		294DF88F2C19CFDF0023E41F /* Sources */ = {
			isa = PBXSourcesBuildPhase;
			buildActionMask = 2147483647;
			files = (
				294DF8982C19CFDF0023E41F /* ExampleTests.swift in Sources */,
			);
			runOnlyForDeploymentPostprocessing = 0;
		};
		294DF8992C19CFE00023E41F /* Sources */ = {
			isa = PBXSourcesBuildPhase;
			buildActionMask = 2147483647;
			files = (
				294DF8A22C19CFE00023E41F /* ExampleUITests.swift in Sources */,
				294DF8A42C19CFE00023E41F /* ExampleUITestsLaunchTests.swift in Sources */,
			);
			runOnlyForDeploymentPostprocessing = 0;
		};
/* End PBXSourcesBuildPhase section */

/* Begin PBXTargetDependency section */
		294DF8952C19CFDF0023E41F /* PBXTargetDependency */ = {
			isa = PBXTargetDependency;
			target = 294DF87C2C19CFDE0023E41F /* Example */;
			targetProxy = 294DF8942C19CFDF0023E41F /* PBXContainerItemProxy */;
		};
		294DF89F2C19CFE00023E41F /* PBXTargetDependency */ = {
			isa = PBXTargetDependency;
			target = 294DF87C2C19CFDE0023E41F /* Example */;
			targetProxy = 294DF89E2C19CFE00023E41F /* PBXContainerItemProxy */;
		};
/* End PBXTargetDependency section */

/* Begin PBXVariantGroup section */
		294DF8862C19CFDE0023E41F /* Main.storyboard */ = {
			isa = PBXVariantGroup;
			children = (
				294DF8872C19CFDE0023E41F /* Base */,
			);
			name = Main.storyboard;
			sourceTree = "<group>";
		};
		294DF88B2C19CFDF0023E41F /* LaunchScreen.storyboard */ = {
			isa = PBXVariantGroup;
			children = (
				294DF88C2C19CFDF0023E41F /* Base */,
			);
			name = LaunchScreen.storyboard;
			sourceTree = "<group>";
		};
/* End PBXVariantGroup section */

/* Begin XCBuildConfiguration section */
		294DF8A52C19CFE00023E41F /* Debug */ = {
			isa = XCBuildConfiguration;
			buildSettings = {
				ALWAYS_SEARCH_USER_PATHS = NO;
				CLANG_ANALYZER_NONNULL = YES;
				CLANG_ANALYZER_NUMBER_OBJECT_CONVERSION = YES_AGGRESSIVE;
				CLANG_CXX_LANGUAGE_STANDARD = "gnu++20";
				CLANG_ENABLE_MODULES = YES;
				CLANG_ENABLE_OBJC_ARC = YES;
				CLANG_ENABLE_OBJC_WEAK = YES;
				CLANG_WARN_BLOCK_CAPTURE_AUTORELEASING = YES;
				CLANG_WARN_BOOL_CONVERSION = YES;
				CLANG_WARN_COMMA = YES;
				CLANG_WARN_CONSTANT_CONVERSION = YES;
				CLANG_WARN_DEPRECATED_OBJC_IMPLEMENTATIONS = YES;
				CLANG_WARN_DIRECT_OBJC_ISA_USAGE = YES_ERROR;
				CLANG_WARN_DOCUMENTATION_COMMENTS = YES;
				CLANG_WARN_EMPTY_BODY = YES;
				CLANG_WARN_ENUM_CONVERSION = YES;
				CLANG_WARN_INFINITE_RECURSION = YES;
				CLANG_WARN_INT_CONVERSION = YES;
				CLANG_WARN_NON_LITERAL_NULL_CONVERSION = YES;
				CLANG_WARN_OBJC_IMPLICIT_RETAIN_SELF = YES;
				CLANG_WARN_OBJC_LITERAL_CONVERSION = YES;
				CLANG_WARN_OBJC_ROOT_CLASS = YES_ERROR;
				CLANG_WARN_QUOTED_INCLUDE_IN_FRAMEWORK_HEADER = YES;
				CLANG_WARN_RANGE_LOOP_ANALYSIS = YES;
				CLANG_WARN_STRICT_PROTOTYPES = YES;
				CLANG_WARN_SUSPICIOUS_MOVE = YES;
				CLANG_WARN_UNGUARDED_AVAILABILITY = YES_AGGRESSIVE;
				CLANG_WARN_UNREACHABLE_CODE = YES;
				CLANG_WARN__DUPLICATE_METHOD_MATCH = YES;
				COPY_PHASE_STRIP = NO;
				DEBUG_INFORMATION_FORMAT = dwarf;
				ENABLE_STRICT_OBJC_MSGSEND = YES;
				ENABLE_TESTABILITY = YES;
				GCC_C_LANGUAGE_STANDARD = gnu11;
				GCC_DYNAMIC_NO_PIC = NO;
				GCC_NO_COMMON_BLOCKS = YES;
				GCC_OPTIMIZATION_LEVEL = 0;
				GCC_PREPROCESSOR_DEFINITIONS = (
					"DEBUG=1",
					"$(inherited)",
				);
				GCC_WARN_64_TO_32_BIT_CONVERSION = YES;
				GCC_WARN_ABOUT_RETURN_TYPE = YES_ERROR;
				GCC_WARN_UNDECLARED_SELECTOR = YES;
				GCC_WARN_UNINITIALIZED_AUTOS = YES_AGGRESSIVE;
				GCC_WARN_UNUSED_FUNCTION = YES;
				GCC_WARN_UNUSED_VARIABLE = YES;
				IPHONEOS_DEPLOYMENT_TARGET = 16.2;
				MTL_ENABLE_DEBUG_INFO = INCLUDE_SOURCE;
				MTL_FAST_MATH = YES;
				ONLY_ACTIVE_ARCH = YES;
				SDKROOT = iphoneos;
				SWIFT_ACTIVE_COMPILATION_CONDITIONS = DEBUG;
				SWIFT_OPTIMIZATION_LEVEL = "-Onone";
			};
			name = Debug;
		};
		294DF8A62C19CFE00023E41F /* Release */ = {
			isa = XCBuildConfiguration;
			buildSettings = {
				ALWAYS_SEARCH_USER_PATHS = NO;
				CLANG_ANALYZER_NONNULL = YES;
				CLANG_ANALYZER_NUMBER_OBJECT_CONVERSION = YES_AGGRESSIVE;
				CLANG_CXX_LANGUAGE_STANDARD = "gnu++20";
				CLANG_ENABLE_MODULES = YES;
				CLANG_ENABLE_OBJC_ARC = YES;
				CLANG_ENABLE_OBJC_WEAK = YES;
				CLANG_WARN_BLOCK_CAPTURE_AUTORELEASING = YES;
				CLANG_WARN_BOOL_CONVERSION = YES;
				CLANG_WARN_COMMA = YES;
				CLANG_WARN_CONSTANT_CONVERSION = YES;
				CLANG_WARN_DEPRECATED_OBJC_IMPLEMENTATIONS = YES;
				CLANG_WARN_DIRECT_OBJC_ISA_USAGE = YES_ERROR;
				CLANG_WARN_DOCUMENTATION_COMMENTS = YES;
				CLANG_WARN_EMPTY_BODY = YES;
				CLANG_WARN_ENUM_CONVERSION = YES;
				CLANG_WARN_INFINITE_RECURSION = YES;
				CLANG_WARN_INT_CONVERSION = YES;
				CLANG_WARN_NON_LITERAL_NULL_CONVERSION = YES;
				CLANG_WARN_OBJC_IMPLICIT_RETAIN_SELF = YES;
				CLANG_WARN_OBJC_LITERAL_CONVERSION = YES;
				CLANG_WARN_OBJC_ROOT_CLASS = YES_ERROR;
				CLANG_WARN_QUOTED_INCLUDE_IN_FRAMEWORK_HEADER = YES;
				CLANG_WARN_RANGE_LOOP_ANALYSIS = YES;
				CLANG_WARN_STRICT_PROTOTYPES = YES;
				CLANG_WARN_SUSPICIOUS_MOVE = YES;
				CLANG_WARN_UNGUARDED_AVAILABILITY = YES_AGGRESSIVE;
				CLANG_WARN_UNREACHABLE_CODE = YES;
				CLANG_WARN__DUPLICATE_METHOD_MATCH = YES;
				COPY_PHASE_STRIP = NO;
				DEBUG_INFORMATION_FORMAT = "dwarf-with-dsym";
				ENABLE_NS_ASSERTIONS = NO;
				ENABLE_STRICT_OBJC_MSGSEND = YES;
				GCC_C_LANGUAGE_STANDARD = gnu11;
				GCC_NO_COMMON_BLOCKS = YES;
				GCC_WARN_64_TO_32_BIT_CONVERSION = YES;
				GCC_WARN_ABOUT_RETURN_TYPE = YES_ERROR;
				GCC_WARN_UNDECLARED_SELECTOR = YES;
				GCC_WARN_UNINITIALIZED_AUTOS = YES_AGGRESSIVE;
				GCC_WARN_UNUSED_FUNCTION = YES;
				GCC_WARN_UNUSED_VARIABLE = YES;
				IPHONEOS_DEPLOYMENT_TARGET = 16.2;
				MTL_ENABLE_DEBUG_INFO = NO;
				MTL_FAST_MATH = YES;
				SDKROOT = iphoneos;
				SWIFT_COMPILATION_MODE = wholemodule;
				SWIFT_OPTIMIZATION_LEVEL = "-O";
				VALIDATE_PRODUCT = YES;
			};
			name = Release;
		};
		294DF8A82C19CFE00023E41F /* Debug */ = {
			isa = XCBuildConfiguration;
			baseConfigurationReference = 2B791975BF2894531F4C7657 /* Pods-Example.debug.xcconfig */;
			buildSettings = {
				ASSETCATALOG_COMPILER_APPICON_NAME = AppIcon;
				ASSETCATALOG_COMPILER_GLOBAL_ACCENT_COLOR_NAME = AccentColor;
				CODE_SIGN_STYLE = Automatic;
				CURRENT_PROJECT_VERSION = 1;
				DEVELOPMENT_TEAM = LWKDD4DJ6H;
				GENERATE_INFOPLIST_FILE = YES;
				INFOPLIST_FILE = Example/Info.plist;
				INFOPLIST_KEY_CFBundleDisplayName = XZDataCryptor;
				INFOPLIST_KEY_UIApplicationSupportsIndirectInputEvents = YES;
				INFOPLIST_KEY_UILaunchStoryboardName = LaunchScreen;
				INFOPLIST_KEY_UIMainStoryboardFile = Main;
				INFOPLIST_KEY_UISupportedInterfaceOrientations_iPad = "UIInterfaceOrientationPortrait UIInterfaceOrientationPortraitUpsideDown UIInterfaceOrientationLandscapeLeft UIInterfaceOrientationLandscapeRight";
				INFOPLIST_KEY_UISupportedInterfaceOrientations_iPhone = "UIInterfaceOrientationPortrait UIInterfaceOrientationLandscapeLeft UIInterfaceOrientationLandscapeRight";
				LD_RUNPATH_SEARCH_PATHS = (
					"$(inherited)",
					"@executable_path/Frameworks",
				);
				MARKETING_VERSION = 1.0;
				PRODUCT_BUNDLE_IDENTIFIER = com.xezun.XZDataCryptor;
				PRODUCT_NAME = "$(TARGET_NAME)";
				SWIFT_EMIT_LOC_STRINGS = YES;
				SWIFT_VERSION = 5.0;
				TARGETED_DEVICE_FAMILY = "1,2";
			};
			name = Debug;
		};
		294DF8A92C19CFE00023E41F /* Release */ = {
			isa = XCBuildConfiguration;
			baseConfigurationReference = DBD1A2D745FB6E834E3BE399 /* Pods-Example.release.xcconfig */;
			buildSettings = {
				ASSETCATALOG_COMPILER_APPICON_NAME = AppIcon;
				ASSETCATALOG_COMPILER_GLOBAL_ACCENT_COLOR_NAME = AccentColor;
				CODE_SIGN_STYLE = Automatic;
				CURRENT_PROJECT_VERSION = 1;
				DEVELOPMENT_TEAM = LWKDD4DJ6H;
				GENERATE_INFOPLIST_FILE = YES;
				INFOPLIST_FILE = Example/Info.plist;
				INFOPLIST_KEY_CFBundleDisplayName = XZDataCryptor;
				INFOPLIST_KEY_UIApplicationSupportsIndirectInputEvents = YES;
				INFOPLIST_KEY_UILaunchStoryboardName = LaunchScreen;
				INFOPLIST_KEY_UIMainStoryboardFile = Main;
				INFOPLIST_KEY_UISupportedInterfaceOrientations_iPad = "UIInterfaceOrientationPortrait UIInterfaceOrientationPortraitUpsideDown UIInterfaceOrientationLandscapeLeft UIInterfaceOrientationLandscapeRight";
				INFOPLIST_KEY_UISupportedInterfaceOrientations_iPhone = "UIInterfaceOrientationPortrait UIInterfaceOrientationLandscapeLeft UIInterfaceOrientationLandscapeRight";
				LD_RUNPATH_SEARCH_PATHS = (
					"$(inherited)",
					"@executable_path/Frameworks",
				);
				MARKETING_VERSION = 1.0;
				PRODUCT_BUNDLE_IDENTIFIER = com.xezun.XZDataCryptor;
				PRODUCT_NAME = "$(TARGET_NAME)";
				SWIFT_EMIT_LOC_STRINGS = YES;
				SWIFT_VERSION = 5.0;
				TARGETED_DEVICE_FAMILY = "1,2";
			};
			name = Release;
		};
		294DF8AB2C19CFE00023E41F /* Debug */ = {
			isa = XCBuildConfiguration;
			baseConfigurationReference = 886673CF58A3A01BBF884551 /* Pods-ExampleTests.debug.xcconfig */;
			buildSettings = {
				ALWAYS_EMBED_SWIFT_STANDARD_LIBRARIES = YES;
				BUNDLE_LOADER = "$(TEST_HOST)";
				CODE_SIGN_STYLE = Automatic;
				CURRENT_PROJECT_VERSION = 1;
				GENERATE_INFOPLIST_FILE = YES;
				IPHONEOS_DEPLOYMENT_TARGET = 16.2;
				MARKETING_VERSION = 1.0;
				PRODUCT_BUNDLE_IDENTIFIER = com.xezun.ExampleTests;
				PRODUCT_NAME = "$(TARGET_NAME)";
				SWIFT_EMIT_LOC_STRINGS = NO;
				SWIFT_VERSION = 5.0;
				TARGETED_DEVICE_FAMILY = "1,2";
				TEST_HOST = "$(BUILT_PRODUCTS_DIR)/Example.app/$(BUNDLE_EXECUTABLE_FOLDER_PATH)/Example";
			};
			name = Debug;
		};
		294DF8AC2C19CFE00023E41F /* Release */ = {
			isa = XCBuildConfiguration;
			baseConfigurationReference = C7029BCBA23764312674D66E /* Pods-ExampleTests.release.xcconfig */;
			buildSettings = {
				ALWAYS_EMBED_SWIFT_STANDARD_LIBRARIES = YES;
				BUNDLE_LOADER = "$(TEST_HOST)";
				CODE_SIGN_STYLE = Automatic;
				CURRENT_PROJECT_VERSION = 1;
				GENERATE_INFOPLIST_FILE = YES;
				IPHONEOS_DEPLOYMENT_TARGET = 16.2;
				MARKETING_VERSION = 1.0;
				PRODUCT_BUNDLE_IDENTIFIER = com.xezun.ExampleTests;
				PRODUCT_NAME = "$(TARGET_NAME)";
				SWIFT_EMIT_LOC_STRINGS = NO;
				SWIFT_VERSION = 5.0;
				TARGETED_DEVICE_FAMILY = "1,2";
				TEST_HOST = "$(BUILT_PRODUCTS_DIR)/Example.app/$(BUNDLE_EXECUTABLE_FOLDER_PATH)/Example";
			};
			name = Release;
		};
		294DF8AE2C19CFE00023E41F /* Debug */ = {
			isa = XCBuildConfiguration;
			baseConfigurationReference = 37EAF59554F23A3576D4F9BF /* Pods-ExampleUITests.debug.xcconfig */;
			buildSettings = {
				ALWAYS_EMBED_SWIFT_STANDARD_LIBRARIES = YES;
				CODE_SIGN_STYLE = Automatic;
				CURRENT_PROJECT_VERSION = 1;
				GENERATE_INFOPLIST_FILE = YES;
				MARKETING_VERSION = 1.0;
				PRODUCT_BUNDLE_IDENTIFIER = com.xezun.ExampleUITests;
				PRODUCT_NAME = "$(TARGET_NAME)";
				SWIFT_EMIT_LOC_STRINGS = NO;
				SWIFT_VERSION = 5.0;
				TARGETED_DEVICE_FAMILY = "1,2";
				TEST_TARGET_NAME = Example;
			};
			name = Debug;
		};
		294DF8AF2C19CFE00023E41F /* Release */ = {
			isa = XCBuildConfiguration;
			baseConfigurationReference = A87E73DA1595D75464E56B56 /* Pods-ExampleUITests.release.xcconfig */;
			buildSettings = {
				ALWAYS_EMBED_SWIFT_STANDARD_LIBRARIES = YES;
				CODE_SIGN_STYLE = Automatic;
				CURRENT_PROJECT_VERSION = 1;
				GENERATE_INFOPLIST_FILE = YES;
				MARKETING_VERSION = 1.0;
				PRODUCT_BUNDLE_IDENTIFIER = com.xezun.ExampleUITests;
				PRODUCT_NAME = "$(TARGET_NAME)";
				SWIFT_EMIT_LOC_STRINGS = NO;
				SWIFT_VERSION = 5.0;
				TARGETED_DEVICE_FAMILY = "1,2";
				TEST_TARGET_NAME = Example;
			};
			name = Release;
		};
/* End XCBuildConfiguration section */

/* Begin XCConfigurationList section */
		294DF8782C19CFDE0023E41F /* Build configuration list for PBXProject "Example" */ = {
			isa = XCConfigurationList;
			buildConfigurations = (
				294DF8A52C19CFE00023E41F /* Debug */,
				294DF8A62C19CFE00023E41F /* Release */,
			);
			defaultConfigurationIsVisible = 0;
			defaultConfigurationName = Release;
		};
		294DF8A72C19CFE00023E41F /* Build configuration list for PBXNativeTarget "Example" */ = {
			isa = XCConfigurationList;
			buildConfigurations = (
				294DF8A82C19CFE00023E41F /* Debug */,
				294DF8A92C19CFE00023E41F /* Release */,
			);
			defaultConfigurationIsVisible = 0;
			defaultConfigurationName = Release;
		};
		294DF8AA2C19CFE00023E41F /* Build configuration list for PBXNativeTarget "ExampleTests" */ = {
			isa = XCConfigurationList;
			buildConfigurations = (
				294DF8AB2C19CFE00023E41F /* Debug */,
				294DF8AC2C19CFE00023E41F /* Release */,
			);
			defaultConfigurationIsVisible = 0;
			defaultConfigurationName = Release;
		};
		294DF8AD2C19CFE00023E41F /* Build configuration list for PBXNativeTarget "ExampleUITests" */ = {
			isa = XCConfigurationList;
			buildConfigurations = (
				294DF8AE2C19CFE00023E41F /* Debug */,
				294DF8AF2C19CFE00023E41F /* Release */,
			);
			defaultConfigurationIsVisible = 0;
			defaultConfigurationName = Release;
		};
/* End XCConfigurationList section */
	};
	rootObject = 294DF8752C19CFDE0023E41F /* Project object */;
}
